
Microsoft Visual Studio Solution File, Format Version 12.00
# Visual Studio Version 17
VisualStudioVersion = 17.6.33829.357
MinimumVisualStudioVersion = 10.0.40219.1
Project("{FAE04EC0-301F-11D3-BF4B-00C04F79EFBC}") = "Mino.VideoToSketch", "Mino.VideoToSketch\Mino.VideoToSketch.csproj", "{C87BBA23-D5DA-4295-876F-65238D877DC9}"
EndProject
Global
	GlobalSection(SolutionConfigurationPlatforms) = preSolution
		Debug|Any CPU = Debug|Any CPU
		Release|Any CPU = Release|Any CPU
	EndGlobalSection
	GlobalSection(ProjectConfigurationPlatforms) = postSolution
		{C87BBA23-D5DA-4295-876F-65238D877DC9}.Debug|Any CPU.ActiveCfg = Debug|Any CPU
		{C87BBA23-D5DA-4295-876F-65238D877DC9}.Debug|Any CPU.Build.0 = Debug|Any CPU
		{C87BBA23-D5DA-4295-876F-65238D877DC9}.Release|Any CPU.ActiveCfg = Release|Any CPU
		{C87BBA23-D5DA-4295-876F-65238D877DC9}.Release|Any CPU.Build.0 = Release|Any CPU
	EndGlobalSection
	GlobalSection(SolutionProperties) = preSolution
		HideSolutionNode = FALSE
	EndGlobalSection
	GlobalSection(ExtensibilityGlobals) = postSolution
		SolutionGuid = {D5EC26D6-CCFF-412A-A19B-ED61AEEC4D1D}
	EndGlobalSection
EndGlobal
